// !$*UTF8*$!
{
	archiveVersion = 1;
	classes = {
	};
	objectVersion = 54;
	objects = {

/* Begin PBXBuildFile section */
		01BDB9DCD68FF714BBC68D33 /* SuitcasePhotoView.swift in Sources */ = {isa = PBXBuildFile; fileRef = 2567FD0B5DDDCA58140F0ECB /* SuitcasePhotoView.swift */; };
		03E63737DA7AE811722BE852 /* PostTripFeedbackView.swift in Sources */ = {isa = PBXBuildFile; fileRef = D2AAA6669EC49EDB3FF7FC84 /* PostTripFeedbackView.swift */; };
		188EA5256A069828D1EEED1A /* Trip.swift in Sources */ = {isa = PBXBuildFile; fileRef = BD95BCA3B8BA4FEA3FE66A67 /* Trip.swift */; };
		239700AA4716EDA3B5EB54D7 /* CameraService.swift in Sources */ = {isa = PBXBuildFile; fileRef = 8AA71DFD8279B062CEB8C688 /* CameraService.swift */; };
		25271628BABDCF023D9173B3 /* Bag.swift in Sources */ = {isa = PBXBuildFile; fileRef = BEAC68586B630B1E78926D4A /* Bag.swift */; };
		28E0F37A63E3C697D816E388 /* OnboardingView.swift in Sources */ = {isa = PBXBuildFile; fileRef = 819E1E53CD9F799E8E92DE37 /* OnboardingView.swift */; };
		2E4A7A25F3EC583944A6E1EC /* InsightsService.swift in Sources */ = {isa = PBXBuildFile; fileRef = 064B7C3B91476011F67D4C80 /* InsightsService.swift */; };
		37AAB2E27ACBEBC4AE7910D1 /* Theme.swift in Sources */ = {isa = PBXBuildFile; fileRef = 947CA10EDE599CF6078CD0A1 /* Theme.swift */; };
		3884F648CF78BAC6BBE8DDFC /* TripsListView.swift in Sources */ = {isa = PBXBuildFile; fileRef = F98752344D04FDEBD80BD948 /* TripsListView.swift */; };
		3B7602BCB8F6016C18A81E52 /* WeatherWidgetView.swift in Sources */ = {isa = PBXBuildFile; fileRef = 8E7947C89902DDE22D11370B /* WeatherWidgetView.swift */; };
		483DA11F8375F735068E74E6 /* HaulWidget.appex in Embed Foundation Extensions */ = {isa = PBXBuildFile; fileRef = 163D6E60768932DDEF10F7AA /* HaulWidget.appex */; settings = {ATTRIBUTES = (RemoveHeadersOnCopy, ); }; };
		50CC0289D16A11365D20AD25 /* CommunityService.swift in Sources */ = {isa = PBXBuildFile; fileRef = 3CB5ED409AE65899D471492D /* CommunityService.swift */; };
		54D8CE3BB3E17D54B590A53F /* SubscriptionsView.swift in Sources */ = {isa = PBXBuildFile; fileRef = F8EC0567830D3D67CBD34015 /* SubscriptionsView.swift */; };
		57D965350BD84B69A35C8432 /* PackingItem.swift in Sources */ = {isa = PBXBuildFile; fileRef = 0C85B479EB189A379FA7721A /* PackingItem.swift */; };
		5E57FDF185944860CF9F4CFB /* HaulApp.swift in Sources */ = {isa = PBXBuildFile; fileRef = 4A769FE440B9672EC97CE18A /* HaulApp.swift */; };
		5F952AF4C46CD68D939EAA32 /* PackingView.swift in Sources */ = {isa = PBXBuildFile; fileRef = F2976A0F061C7E1D43437D0B /* PackingView.swift */; };
		675888C06545F78A058EDF47 /* CommunityTemplatesView.swift in Sources */ = {isa = PBXBuildFile; fileRef = 22A1297D3EFCE0129F3072F7 /* CommunityTemplatesView.swift */; };
		67C3D6CB3D66CC549D24AFAB /* CommunityView.swift in Sources */ = {isa = PBXBuildFile; fileRef = 496BB620D922A3012FB34070 /* CommunityView.swift */; };
		6D6A504DF0559F87C49A2004 /* PhotoStorageService.swift in Sources */ = {isa = PBXBuildFile; fileRef = 2B2C84A562BEF90290103797 /* PhotoStorageService.swift */; };
		751E281510769D22C8429BAA /* HaulR11Service.swift in Sources */ = {isa = PBXBuildFile; fileRef = 6D5DFBE243D691D2197E2706 /* HaulR11Service.swift */; };
		792C61A0D1F9B1F6CAE018F9 /* SQLite in Frameworks */ = {isa = PBXBuildFile; productRef = 97290B257DFA756D54B924D7 /* SQLite */; };
		85050883A160175077E3D964 /* SubscriptionManager.swift in Sources */ = {isa = PBXBuildFile; fileRef = 2893018187A8C55817F4E7B7 /* SubscriptionManager.swift */; };
		91FE070AED0EB49C8B9BE8B9 /* ErrorStateView.swift in Sources */ = {isa = PBXBuildFile; fileRef = BFCA66EE46202BA10CFC69AC /* ErrorStateView.swift */; };
		93DDA878667DDD7E837143CB /* PrintChecklistView.swift in Sources */ = {isa = PBXBuildFile; fileRef = F78C847F4D2559AFDFD7B44C /* PrintChecklistView.swift */; };
		9870C5649B712D2EB59C05B0 /* SyncService.swift in Sources */ = {isa = PBXBuildFile; fileRef = EF0DF809146ADFAE284E45B9 /* SyncService.swift */; };
		9E3F67D63974B15DA2CB3D68 /* NewTripSheet.swift in Sources */ = {isa = PBXBuildFile; fileRef = DCA25CE7553A3D0D756A110D /* NewTripSheet.swift */; };
		A284A38947E771DE86ECEC86 /* PricingView.swift in Sources */ = {isa = PBXBuildFile; fileRef = F796881B87C528003BAD62C4 /* PricingView.swift */; };
		B35710EFAD867EEC1DCC8F72 /* InsightsView.swift in Sources */ = {isa = PBXBuildFile; fileRef = 258263014AE570E925A71FFC /* InsightsView.swift */; };
		BC44FC6D0549D00BE40F320E /* SettingsView.swift in Sources */ = {isa = PBXBuildFile; fileRef = DCF0D4B663F68F8983007253 /* SettingsView.swift */; };
		C227D8B713628F5379AF1869 /* WardrobeView.swift in Sources */ = {isa = PBXBuildFile; fileRef = 9FFD06F07CBEEAE791C47D48 /* WardrobeView.swift */; };
		C258891C73B79C8B0AD41613 /* ReminderService.swift in Sources */ = {isa = PBXBuildFile; fileRef = B329ED00B1EC59B20AF73686 /* ReminderService.swift */; };
		C803DC285C05AAF3A8230579 /* CameraView.swift in Sources */ = {isa = PBXBuildFile; fileRef = 966C8631033EE9C7EB1BCD65 /* CameraView.swift */; };
		CE6A6C0CAC7432C849F54498 /* Assets.xcassets in Resources */ = {isa = PBXBuildFile; fileRef = 75DBDAA7CDAE2C03257BBF60 /* Assets.xcassets */; };
		D3E84D1A5FBDC1ED18AE1157 /* BagsListView.swift in Sources */ = {isa = PBXBuildFile; fileRef = 874726548C7413D6E567AB6A /* BagsListView.swift */; };
		D423E545BB1229A2772B51BE /* TemplatesListView.swift in Sources */ = {isa = PBXBuildFile; fileRef = AFE5D95C41B166A618293AF0 /* TemplatesListView.swift */; };
		E830F6B48B7CBFB1F75359D1 /* WeatherService.swift in Sources */ = {isa = PBXBuildFile; fileRef = A37CA87722249592B8E1A054 /* WeatherService.swift */; };
		FA835DEC157F0144A1B8027B /* SyncView.swift in Sources */ = {isa = PBXBuildFile; fileRef = F41D4F603E07E4F9384DC211 /* SyncView.swift */; };
		FF8AE7C3E0DAE507B18951F9 /* HaulWidget.swift in Sources */ = {isa = PBXBuildFile; fileRef = 470C258DFCFA2F226C206E8C /* HaulWidget.swift */; };
		FFC689EC902782FE87C2D74A /* TripStore.swift in Sources */ = {isa = PBXBuildFile; fileRef = BB2A6C98A04CD47BA1EDE320 /* TripStore.swift */; };
/* End PBXBuildFile section */

/* Begin PBXContainerItemProxy section */
		3E5D0E6CDD06DBF46A071246 /* PBXContainerItemProxy */ = {
			isa = PBXContainerItemProxy;
			containerPortal = 59D8FA70EF04104D98C36058 /* Project object */;
			proxyType = 1;
			remoteGlobalIDString = 31214699F721EDCB2ADC534B;
			remoteInfo = HaulWidget;
		};
/* End PBXContainerItemProxy section */

/* Begin PBXCopyFilesBuildPhase section */
		1941151AAF762B00EDBA6DB8 /* Embed Foundation Extensions */ = {
			isa = PBXCopyFilesBuildPhase;
			buildActionMask = 2147483647;
			dstPath = "";
			dstSubfolderSpec = 13;
			files = (
				483DA11F8375F735068E74E6 /* HaulWidget.appex in Embed Foundation Extensions */,
			);
			name = "Embed Foundation Extensions";
			runOnlyForDeploymentPostprocessing = 0;
		};
/* End PBXCopyFilesBuildPhase section */

/* Begin PBXFileReference section */
		064B7C3B91476011F67D4C80 /* InsightsService.swift */ = {isa = PBXFileReference; lastKnownFileType = sourcecode.swift; path = InsightsService.swift; sourceTree = "<group>"; };
		0C85B479EB189A379FA7721A /* PackingItem.swift */ = {isa = PBXFileReference; lastKnownFileType = sourcecode.swift; path = PackingItem.swift; sourceTree = "<group>"; };
		163D6E60768932DDEF10F7AA /* HaulWidget.appex */ = {isa = PBXFileReference; includeInIndex = 0; lastKnownFileType = "wrapper.app-extension"; path = HaulWidget.appex; sourceTree = BUILT_PRODUCTS_DIR; };
		1F3A8005E0EB563B45987993 /* Haul.entitlements */ = {isa = PBXFileReference; lastKnownFileType = text.plist.entitlements; path = Haul.entitlements; sourceTree = "<group>"; };
		22A1297D3EFCE0129F3072F7 /* CommunityTemplatesView.swift */ = {isa = PBXFileReference; lastKnownFileType = sourcecode.swift; path = CommunityTemplatesView.swift; sourceTree = "<group>"; };
		2567FD0B5DDDCA58140F0ECB /* SuitcasePhotoView.swift */ = {isa = PBXFileReference; lastKnownFileType = sourcecode.swift; path = SuitcasePhotoView.swift; sourceTree = "<group>"; };
		258263014AE570E925A71FFC /* InsightsView.swift */ = {isa = PBXFileReference; lastKnownFileType = sourcecode.swift; path = InsightsView.swift; sourceTree = "<group>"; };
		2893018187A8C55817F4E7B7 /* SubscriptionManager.swift */ = {isa = PBXFileReference; lastKnownFileType = sourcecode.swift; path = SubscriptionManager.swift; sourceTree = "<group>"; };
		2B2C84A562BEF90290103797 /* PhotoStorageService.swift */ = {isa = PBXFileReference; lastKnownFileType = sourcecode.swift; path = PhotoStorageService.swift; sourceTree = "<group>"; };
		3CB5ED409AE65899D471492D /* CommunityService.swift */ = {isa = PBXFileReference; lastKnownFileType = sourcecode.swift; path = CommunityService.swift; sourceTree = "<group>"; };
		470C258DFCFA2F226C206E8C /* HaulWidget.swift */ = {isa = PBXFileReference; lastKnownFileType = sourcecode.swift; path = HaulWidget.swift; sourceTree = "<group>"; };
		496BB620D922A3012FB34070 /* CommunityView.swift */ = {isa = PBXFileReference; lastKnownFileType = sourcecode.swift; path = CommunityView.swift; sourceTree = "<group>"; };
		4A769FE440B9672EC97CE18A /* HaulApp.swift */ = {isa = PBXFileReference; lastKnownFileType = sourcecode.swift; path = HaulApp.swift; sourceTree = "<group>"; };
		6C2F0152D64B63F9C53E2AA9 /* Haul.app */ = {isa = PBXFileReference; includeInIndex = 0; lastKnownFileType = wrapper.application; path = Haul.app; sourceTree = BUILT_PRODUCTS_DIR; };
		6D5DFBE243D691D2197E2706 /* HaulR11Service.swift */ = {isa = PBXFileReference; lastKnownFileType = sourcecode.swift; path = HaulR11Service.swift; sourceTree = "<group>"; };
		75DBDAA7CDAE2C03257BBF60 /* Assets.xcassets */ = {isa = PBXFileReference; lastKnownFileType = folder.assetcatalog; path = Assets.xcassets; sourceTree = "<group>"; };
		819E1E53CD9F799E8E92DE37 /* OnboardingView.swift */ = {isa = PBXFileReference; lastKnownFileType = sourcecode.swift; path = OnboardingView.swift; sourceTree = "<group>"; };
		874726548C7413D6E567AB6A /* BagsListView.swift */ = {isa = PBXFileReference; lastKnownFileType = sourcecode.swift; path = BagsListView.swift; sourceTree = "<group>"; };
		8AA71DFD8279B062CEB8C688 /* CameraService.swift */ = {isa = PBXFileReference; lastKnownFileType = sourcecode.swift; path = CameraService.swift; sourceTree = "<group>"; };
		8E7947C89902DDE22D11370B /* WeatherWidgetView.swift */ = {isa = PBXFileReference; lastKnownFileType = sourcecode.swift; path = WeatherWidgetView.swift; sourceTree = "<group>"; };
		947CA10EDE599CF6078CD0A1 /* Theme.swift */ = {isa = PBXFileReference; lastKnownFileType = sourcecode.swift; path = Theme.swift; sourceTree = "<group>"; };
		966C8631033EE9C7EB1BCD65 /* CameraView.swift */ = {isa = PBXFileReference; lastKnownFileType = sourcecode.swift; path = CameraView.swift; sourceTree = "<group>"; };
		9FFD06F07CBEEAE791C47D48 /* WardrobeView.swift */ = {isa = PBXFileReference; lastKnownFileType = sourcecode.swift; path = WardrobeView.swift; sourceTree = "<group>"; };
		A37CA87722249592B8E1A054 /* WeatherService.swift */ = {isa = PBXFileReference; lastKnownFileType = sourcecode.swift; path = WeatherService.swift; sourceTree = "<group>"; };
		AFE5D95C41B166A618293AF0 /* TemplatesListView.swift */ = {isa = PBXFileReference; lastKnownFileType = sourcecode.swift; path = TemplatesListView.swift; sourceTree = "<group>"; };
		B329ED00B1EC59B20AF73686 /* ReminderService.swift */ = {isa = PBXFileReference; lastKnownFileType = sourcecode.swift; path = ReminderService.swift; sourceTree = "<group>"; };
		BB2A6C98A04CD47BA1EDE320 /* TripStore.swift */ = {isa = PBXFileReference; lastKnownFileType = sourcecode.swift; path = TripStore.swift; sourceTree = "<group>"; };
		BD95BCA3B8BA4FEA3FE66A67 /* Trip.swift */ = {isa = PBXFileReference; lastKnownFileType = sourcecode.swift; path = Trip.swift; sourceTree = "<group>"; };
		BEAC68586B630B1E78926D4A /* Bag.swift */ = {isa = PBXFileReference; lastKnownFileType = sourcecode.swift; path = Bag.swift; sourceTree = "<group>"; };
		BFCA66EE46202BA10CFC69AC /* ErrorStateView.swift */ = {isa = PBXFileReference; lastKnownFileType = sourcecode.swift; path = ErrorStateView.swift; sourceTree = "<group>"; };
		C1ACB6D0D566EAC84BD15320 /* Info.plist */ = {isa = PBXFileReference; lastKnownFileType = text.plist; path = Info.plist; sourceTree = "<group>"; };
		D2AAA6669EC49EDB3FF7FC84 /* PostTripFeedbackView.swift */ = {isa = PBXFileReference; lastKnownFileType = sourcecode.swift; path = PostTripFeedbackView.swift; sourceTree = "<group>"; };
		DCA25CE7553A3D0D756A110D /* NewTripSheet.swift */ = {isa = PBXFileReference; lastKnownFileType = sourcecode.swift; path = NewTripSheet.swift; sourceTree = "<group>"; };
		DCF0D4B663F68F8983007253 /* SettingsView.swift */ = {isa = PBXFileReference; lastKnownFileType = sourcecode.swift; path = SettingsView.swift; sourceTree = "<group>"; };
		EF0DF809146ADFAE284E45B9 /* SyncService.swift */ = {isa = PBXFileReference; lastKnownFileType = sourcecode.swift; path = SyncService.swift; sourceTree = "<group>"; };
		F2976A0F061C7E1D43437D0B /* PackingView.swift */ = {isa = PBXFileReference; lastKnownFileType = sourcecode.swift; path = PackingView.swift; sourceTree = "<group>"; };
		F41D4F603E07E4F9384DC211 /* SyncView.swift */ = {isa = PBXFileReference; lastKnownFileType = sourcecode.swift; path = SyncView.swift; sourceTree = "<group>"; };
		F78C847F4D2559AFDFD7B44C /* PrintChecklistView.swift */ = {isa = PBXFileReference; lastKnownFileType = sourcecode.swift; path = PrintChecklistView.swift; sourceTree = "<group>"; };
		F796881B87C528003BAD62C4 /* PricingView.swift */ = {isa = PBXFileReference; lastKnownFileType = sourcecode.swift; path = PricingView.swift; sourceTree = "<group>"; };
		F8EC0567830D3D67CBD34015 /* SubscriptionsView.swift */ = {isa = PBXFileReference; lastKnownFileType = sourcecode.swift; path = SubscriptionsView.swift; sourceTree = "<group>"; };
		F98752344D04FDEBD80BD948 /* TripsListView.swift */ = {isa = PBXFileReference; lastKnownFileType = sourcecode.swift; path = TripsListView.swift; sourceTree = "<group>"; };
/* End PBXFileReference section */

/* Begin PBXFrameworksBuildPhase section */
		29A27BB2DDEA37BE3BFC0D1F /* Frameworks */ = {
			isa = PBXFrameworksBuildPhase;
			buildActionMask = 2147483647;
			files = (
				792C61A0D1F9B1F6CAE018F9 /* SQLite in Frameworks */,
			);
			runOnlyForDeploymentPostprocessing = 0;
		};
/* End PBXFrameworksBuildPhase section */

/* Begin PBXGroup section */
		14C41B6E58ECEE8510442D5E /* Services */ = {
			isa = PBXGroup;
			children = (
				8AA71DFD8279B062CEB8C688 /* CameraService.swift */,
				3CB5ED409AE65899D471492D /* CommunityService.swift */,
				6D5DFBE243D691D2197E2706 /* HaulR11Service.swift */,
				064B7C3B91476011F67D4C80 /* InsightsService.swift */,
				2B2C84A562BEF90290103797 /* PhotoStorageService.swift */,
				B329ED00B1EC59B20AF73686 /* ReminderService.swift */,
				2893018187A8C55817F4E7B7 /* SubscriptionManager.swift */,
				EF0DF809146ADFAE284E45B9 /* SyncService.swift */,
				BB2A6C98A04CD47BA1EDE320 /* TripStore.swift */,
				A37CA87722249592B8E1A054 /* WeatherService.swift */,
			);
			path = Services;
			sourceTree = "<group>";
		};
		3C0E17508CE1F687CD0F2367 /* Views */ = {
			isa = PBXGroup;
			children = (
				874726548C7413D6E567AB6A /* BagsListView.swift */,
				966C8631033EE9C7EB1BCD65 /* CameraView.swift */,
				22A1297D3EFCE0129F3072F7 /* CommunityTemplatesView.swift */,
				496BB620D922A3012FB34070 /* CommunityView.swift */,
				BFCA66EE46202BA10CFC69AC /* ErrorStateView.swift */,
				258263014AE570E925A71FFC /* InsightsView.swift */,
				DCA25CE7553A3D0D756A110D /* NewTripSheet.swift */,
				819E1E53CD9F799E8E92DE37 /* OnboardingView.swift */,
				F2976A0F061C7E1D43437D0B /* PackingView.swift */,
				D2AAA6669EC49EDB3FF7FC84 /* PostTripFeedbackView.swift */,
				F796881B87C528003BAD62C4 /* PricingView.swift */,
				F78C847F4D2559AFDFD7B44C /* PrintChecklistView.swift */,
				DCF0D4B663F68F8983007253 /* SettingsView.swift */,
				F8EC0567830D3D67CBD34015 /* SubscriptionsView.swift */,
				2567FD0B5DDDCA58140F0ECB /* SuitcasePhotoView.swift */,
				F41D4F603E07E4F9384DC211 /* SyncView.swift */,
				AFE5D95C41B166A618293AF0 /* TemplatesListView.swift */,
				F98752344D04FDEBD80BD948 /* TripsListView.swift */,
				9FFD06F07CBEEAE791C47D48 /* WardrobeView.swift */,
				8E7947C89902DDE22D11370B /* WeatherWidgetView.swift */,
			);
			path = Views;
			sourceTree = "<group>";
		};
		3F458B4912DEA255D87764DF /* Resources */ = {
			isa = PBXGroup;
			children = (
				75DBDAA7CDAE2C03257BBF60 /* Assets.xcassets */,
			);
			name = Resources;
			path = Haul/Resources;
			sourceTree = "<group>";
		};
		43D25F8A55159B46D0D4147A /* Models */ = {
			isa = PBXGroup;
			children = (
				BEAC68586B630B1E78926D4A /* Bag.swift */,
				0C85B479EB189A379FA7721A /* PackingItem.swift */,
				BD95BCA3B8BA4FEA3FE66A67 /* Trip.swift */,
			);
			path = Models;
			sourceTree = "<group>";
		};
		75F9DB9D78FEEBFA52A33381 /* HaulWidget */ = {
			isa = PBXGroup;
			children = (
				470C258DFCFA2F226C206E8C /* HaulWidget.swift */,
				C1ACB6D0D566EAC84BD15320 /* Info.plist */,
			);
			path = HaulWidget;
			sourceTree = "<group>";
		};
		A534874D75790E206DBCD40C /* App */ = {
			isa = PBXGroup;
			children = (
				1F3A8005E0EB563B45987993 /* Haul.entitlements */,
				4A769FE440B9672EC97CE18A /* HaulApp.swift */,
			);
			path = App;
			sourceTree = "<group>";
		};
		B4175FBF47BF611400A98DD7 /* Utilities */ = {
			isa = PBXGroup;
			children = (
				947CA10EDE599CF6078CD0A1 /* Theme.swift */,
			);
			path = Utilities;
			sourceTree = "<group>";
		};
		DEF44788629971F5372C53A4 /* Sources */ = {
			isa = PBXGroup;
			children = (
				A534874D75790E206DBCD40C /* App */,
				43D25F8A55159B46D0D4147A /* Models */,
				14C41B6E58ECEE8510442D5E /* Services */,
				B4175FBF47BF611400A98DD7 /* Utilities */,
				3C0E17508CE1F687CD0F2367 /* Views */,
			);
			name = Sources;
			path = Haul/Sources;
			sourceTree = "<group>";
		};
		E9B0828770C01CA068A14802 /* Products */ = {
			isa = PBXGroup;
			children = (
				6C2F0152D64B63F9C53E2AA9 /* Haul.app */,
				163D6E60768932DDEF10F7AA /* HaulWidget.appex */,
			);
			name = Products;
			sourceTree = "<group>";
		};
		F68AF2BCF2696B1DEC4339C5 = {
			isa = PBXGroup;
			children = (
				75F9DB9D78FEEBFA52A33381 /* HaulWidget */,
				3F458B4912DEA255D87764DF /* Resources */,
				DEF44788629971F5372C53A4 /* Sources */,
				E9B0828770C01CA068A14802 /* Products */,
			);
			sourceTree = "<group>";
		};
/* End PBXGroup section */

/* Begin PBXNativeTarget section */
		31214699F721EDCB2ADC534B /* HaulWidget */ = {
			isa = PBXNativeTarget;
			buildConfigurationList = DD0E2799F977E1F2219C59AD /* Build configuration list for PBXNativeTarget "HaulWidget" */;
			buildPhases = (
				777BFE8EC24A849ADA70AF56 /* Sources */,
			);
			buildRules = (
			);
			dependencies = (
			);
			name = HaulWidget;
			productName = HaulWidget;
			productReference = 163D6E60768932DDEF10F7AA /* HaulWidget.appex */;
			productType = "com.apple.product-type.app-extension";
		};
		C39870491454773D2AACF262 /* Haul */ = {
			isa = PBXNativeTarget;
			buildConfigurationList = F0C41CC7C74F063BDABD697D /* Build configuration list for PBXNativeTarget "Haul" */;
			buildPhases = (
				8A158B4FD0F20B817291BC60 /* Sources */,
				C4C09F6BF0B7F84253469CF5 /* Resources */,
				29A27BB2DDEA37BE3BFC0D1F /* Frameworks */,
				1941151AAF762B00EDBA6DB8 /* Embed Foundation Extensions */,
			);
			buildRules = (
			);
			dependencies = (
				8C1B15221A2F4DB55B079A1D /* PBXTargetDependency */,
			);
			name = Haul;
			packageProductDependencies = (
				97290B257DFA756D54B924D7 /* SQLite */,
			);
			productName = Haul;
			productReference = 6C2F0152D64B63F9C53E2AA9 /* Haul.app */;
			productType = "com.apple.product-type.application";
		};
/* End PBXNativeTarget section */

/* Begin PBXProject section */
		59D8FA70EF04104D98C36058 /* Project object */ = {
			isa = PBXProject;
			attributes = {
				BuildIndependentTargetsInParallel = YES;
				LastUpgradeCheck = 1600;
				TargetAttributes = {
					31214699F721EDCB2ADC534B = {
						ProvisioningStyle = Automatic;
					};
					C39870491454773D2AACF262 = {
						ProvisioningStyle = Automatic;
					};
				};
			};
			buildConfigurationList = 83F257408155B0A190D30E31 /* Build configuration list for PBXProject "Haul" */;
			compatibilityVersion = "Xcode 14.0";
			developmentRegion = en;
			hasScannedForEncodings = 0;
			knownRegions = (
				Base,
				en,
			);
			mainGroup = F68AF2BCF2696B1DEC4339C5;
			packageReferences = (
				DE6C90199F3A54884832A450 /* XCRemoteSwiftPackageReference "SQLite.swift" */,
			);
			projectDirPath = "";
			projectRoot = "";
			targets = (
				C39870491454773D2AACF262 /* Haul */,
				31214699F721EDCB2ADC534B /* HaulWidget */,
			);
		};
/* End PBXProject section */

/* Begin PBXResourcesBuildPhase section */
		C4C09F6BF0B7F84253469CF5 /* Resources */ = {
			isa = PBXResourcesBuildPhase;
			buildActionMask = 2147483647;
			files = (
				CE6A6C0CAC7432C849F54498 /* Assets.xcassets in Resources */,
			);
			runOnlyForDeploymentPostprocessing = 0;
		};
/* End PBXResourcesBuildPhase section */

/* Begin PBXSourcesBuildPhase section */
		777BFE8EC24A849ADA70AF56 /* Sources */ = {
			isa = PBXSourcesBuildPhase;
			buildActionMask = 2147483647;
			files = (
				FF8AE7C3E0DAE507B18951F9 /* HaulWidget.swift in Sources */,
			);
			runOnlyForDeploymentPostprocessing = 0;
		};
		8A158B4FD0F20B817291BC60 /* Sources */ = {
			isa = PBXSourcesBuildPhase;
			buildActionMask = 2147483647;
			files = (
				25271628BABDCF023D9173B3 /* Bag.swift in Sources */,
				D3E84D1A5FBDC1ED18AE1157 /* BagsListView.swift in Sources */,
				239700AA4716EDA3B5EB54D7 /* CameraService.swift in Sources */,
				C803DC285C05AAF3A8230579 /* CameraView.swift in Sources */,
				50CC0289D16A11365D20AD25 /* CommunityService.swift in Sources */,
				675888C06545F78A058EDF47 /* CommunityTemplatesView.swift in Sources */,
				67C3D6CB3D66CC549D24AFAB /* CommunityView.swift in Sources */,
				91FE070AED0EB49C8B9BE8B9 /* ErrorStateView.swift in Sources */,
				5E57FDF185944860CF9F4CFB /* HaulApp.swift in Sources */,
				751E281510769D22C8429BAA /* HaulR11Service.swift in Sources */,
				2E4A7A25F3EC583944A6E1EC /* InsightsService.swift in Sources */,
				B35710EFAD867EEC1DCC8F72 /* InsightsView.swift in Sources */,
				9E3F67D63974B15DA2CB3D68 /* NewTripSheet.swift in Sources */,
				28E0F37A63E3C697D816E388 /* OnboardingView.swift in Sources */,
				57D965350BD84B69A35C8432 /* PackingItem.swift in Sources */,
				5F952AF4C46CD68D939EAA32 /* PackingView.swift in Sources */,
				6D6A504DF0559F87C49A2004 /* PhotoStorageService.swift in Sources */,
				03E63737DA7AE811722BE852 /* PostTripFeedbackView.swift in Sources */,
				A284A38947E771DE86ECEC86 /* PricingView.swift in Sources */,
				93DDA878667DDD7E837143CB /* PrintChecklistView.swift in Sources */,
				C258891C73B79C8B0AD41613 /* ReminderService.swift in Sources */,
				BC44FC6D0549D00BE40F320E /* SettingsView.swift in Sources */,
				85050883A160175077E3D964 /* SubscriptionManager.swift in Sources */,
				54D8CE3BB3E17D54B590A53F /* SubscriptionsView.swift in Sources */,
				01BDB9DCD68FF714BBC68D33 /* SuitcasePhotoView.swift in Sources */,
				9870C5649B712D2EB59C05B0 /* SyncService.swift in Sources */,
				FA835DEC157F0144A1B8027B /* SyncView.swift in Sources */,
				D423E545BB1229A2772B51BE /* TemplatesListView.swift in Sources */,
				37AAB2E27ACBEBC4AE7910D1 /* Theme.swift in Sources */,
				188EA5256A069828D1EEED1A /* Trip.swift in Sources */,
				FFC689EC902782FE87C2D74A /* TripStore.swift in Sources */,
				3884F648CF78BAC6BBE8DDFC /* TripsListView.swift in Sources */,
				C227D8B713628F5379AF1869 /* WardrobeView.swift in Sources */,
				E830F6B48B7CBFB1F75359D1 /* WeatherService.swift in Sources */,
				3B7602BCB8F6016C18A81E52 /* WeatherWidgetView.swift in Sources */,
			);
			runOnlyForDeploymentPostprocessing = 0;
		};
/* End PBXSourcesBuildPhase section */

/* Begin PBXTargetDependency section */
		8C1B15221A2F4DB55B079A1D /* PBXTargetDependency */ = {
			isa = PBXTargetDependency;
			target = 31214699F721EDCB2ADC534B /* HaulWidget */;
			targetProxy = 3E5D0E6CDD06DBF46A071246 /* PBXContainerItemProxy */;
		};
/* End PBXTargetDependency section */

/* Begin XCBuildConfiguration section */
		1529B1D82534A60E02FA1ED3 /* Release */ = {
			isa = XCBuildConfiguration;
			buildSettings = {
				ASSETCATALOG_COMPILER_APPICON_NAME = AppIcon;
				ASSETCATALOG_COMPILER_GLOBAL_ACCENT_COLOR_NAME = AccentColor;
				CODE_SIGN_ENTITLEMENTS = Haul/Sources/App/Haul.entitlements;
				CODE_SIGN_IDENTITY = "iPhone Developer";
				CODE_SIGN_STYLE = Automatic;
				ENABLE_PREVIEWS = YES;
				LD_RUNPATH_SEARCH_PATHS = (
					"$(inherited)",
					"@executable_path/Frameworks",
				);
				PRODUCT_BUNDLE_IDENTIFIER = com.haul.app;
				SDKROOT = iphoneos;
				TARGETED_DEVICE_FAMILY = "1,2";
			};
			name = Release;
		};
		267245D294480FA6EB7650E1 /* Debug */ = {
			isa = XCBuildConfiguration;
			buildSettings = {
				CODE_SIGN_STYLE = Automatic;
				GENERATE_INFOPLIST_FILE = NO;
				INFOPLIST_FILE = HaulWidget/Info.plist;
				LD_RUNPATH_SEARCH_PATHS = (
					"$(inherited)",
					"@executable_path/Frameworks",
					"@executable_path/../../Frameworks",
				);
				PRODUCT_BUNDLE_IDENTIFIER = com.haul.app.widget;
				SDKROOT = iphoneos;
				SKIP_INSTALL = YES;
				TARGETED_DEVICE_FAMILY = "1,2";
			};
			name = Debug;
		};
		509F8112B8235D09FDA6E87E /* Debug */ = {
			isa = XCBuildConfiguration;
			buildSettings = {
				ASSETCATALOG_COMPILER_APPICON_NAME = AppIcon;
				ASSETCATALOG_COMPILER_GLOBAL_ACCENT_COLOR_NAME = AccentColor;
				CODE_SIGN_ENTITLEMENTS = Haul/Sources/App/Haul.entitlements;
				CODE_SIGN_IDENTITY = "iPhone Developer";
				CODE_SIGN_STYLE = Automatic;
				ENABLE_PREVIEWS = YES;
				LD_RUNPATH_SEARCH_PATHS = (
					"$(inherited)",
					"@executable_path/Frameworks",
				);
				PRODUCT_BUNDLE_IDENTIFIER = com.haul.app;
				SDKROOT = iphoneos;
				TARGETED_DEVICE_FAMILY = "1,2";
			};
			name = Debug;
		};
		6D60B96B4E61B8C2141F19F6 /* Release */ = {
			isa = XCBuildConfiguration;
			buildSettings = {
				CODE_SIGN_STYLE = Automatic;
				GENERATE_INFOPLIST_FILE = NO;
				INFOPLIST_FILE = HaulWidget/Info.plist;
				LD_RUNPATH_SEARCH_PATHS = (
					"$(inherited)",
					"@executable_path/Frameworks",
					"@executable_path/../../Frameworks",
				);
				PRODUCT_BUNDLE_IDENTIFIER = com.haul.app.widget;
				SDKROOT = iphoneos;
				SKIP_INSTALL = YES;
				TARGETED_DEVICE_FAMILY = "1,2";
			};
			name = Release;
		};
		96B8E7A3E8391FE95D5B0451 /* Debug */ = {
			isa = XCBuildConfiguration;
			buildSettings = {
				ALWAYS_SEARCH_USER_PATHS = NO;
				CLANG_ANALYZER_NONNULL = YES;
				CLANG_ANALYZER_NUMBER_OBJECT_CONVERSION = YES_AGGRESSIVE;
				CLANG_CXX_LANGUAGE_STANDARD = "gnu++14";
				CLANG_CXX_LIBRARY = "libc++";
				CLANG_ENABLE_MODULES = YES;
				CLANG_ENABLE_OBJC_ARC = YES;
				CLANG_ENABLE_OBJC_WEAK = YES;
				CLANG_WARN_BLOCK_CAPTURE_AUTORELEASING = YES;
				CLANG_WARN_BOOL_CONVERSION = YES;
				CLANG_WARN_COMMA = YES;
				CLANG_WARN_CONSTANT_CONVERSION = YES;
				CLANG_WARN_DEPRECATED_OBJC_IMPLEMENTATIONS = YES;
				CLANG_WARN_DIRECT_OBJC_ISA_USAGE = YES_ERROR;
				CLANG_WARN_DOCUMENTATION_COMMENTS = YES;
				CLANG_WARN_EMPTY_BODY = YES;
				CLANG_WARN_ENUM_CONVERSION = YES;
				CLANG_WARN_INFINITE_RECURSION = YES;
				CLANG_WARN_INT_CONVERSION = YES;
				CLANG_WARN_NON_LITERAL_NULL_CONVERSION = YES;
				CLANG_WARN_OBJC_IMPLICIT_RETAIN_SELF = YES;
				CLANG_WARN_OBJC_LITERAL_CONVERSION = YES;
				CLANG_WARN_OBJC_ROOT_CLASS = YES_ERROR;
				CLANG_WARN_QUOTED_INCLUDE_IN_FRAMEWORK_HEADER = YES;
				CLANG_WARN_RANGE_LOOP_ANALYSIS = YES;
				CLANG_WARN_STRICT_PROTOTYPES = YES;
				CLANG_WARN_SUSPICIOUS_MOVE = YES;
				CLANG_WARN_UNGUARDED_AVAILABILITY = YES_AGGRESSIVE;
				CLANG_WARN_UNREACHABLE_CODE = YES;
				CLANG_WARN__DUPLICATE_METHOD_MATCH = YES;
				COPY_PHASE_STRIP = NO;
				CURRENT_PROJECT_VERSION = 7;
				DEBUG_INFORMATION_FORMAT = dwarf;
				ENABLE_STRICT_OBJC_MSGSEND = YES;
				ENABLE_TESTABILITY = YES;
				GCC_C_LANGUAGE_STANDARD = gnu11;
				GCC_DYNAMIC_NO_PIC = NO;
				GCC_NO_COMMON_BLOCKS = YES;
				GCC_OPTIMIZATION_LEVEL = 0;
				GCC_PREPROCESSOR_DEFINITIONS = (
					"$(inherited)",
					"DEBUG=1",
				);
				GCC_WARN_64_TO_32_BIT_CONVERSION = YES;
				GCC_WARN_ABOUT_RETURN_TYPE = YES_ERROR;
				GCC_WARN_UNDECLARED_SELECTOR = YES;
				GCC_WARN_UNINITIALIZED_AUTOS = YES_AGGRESSIVE;
				GCC_WARN_UNUSED_FUNCTION = YES;
				GCC_WARN_UNUSED_VARIABLE = YES;
				GENERATE_INFOPLIST_FILE = YES;
				INFOPLIST_KEY_CFBundleDisplayName = Haul;
				INFOPLIST_KEY_NSCameraUsageDescription = "Haul needs camera access to photograph your suitcase.";
				INFOPLIST_KEY_UIApplicationSceneManifest_Generation = YES;
				INFOPLIST_KEY_UIApplicationSupportsIndirectInputEvents = YES;
				INFOPLIST_KEY_UILaunchScreen_Generation = YES;
				INFOPLIST_KEY_UISupportedInterfaceOrientations_iPad = "UIInterfaceOrientationPortrait UIInterfaceOrientationPortraitUpsideDown UIInterfaceOrientationLandscapeLeft UIInterfaceOrientationLandscapeRight";
				INFOPLIST_KEY_UISupportedInterfaceOrientations_iPhone = "UIInterfaceOrientationPortrait UIInterfaceOrientationLandscapeLeft UIInterfaceOrientationLandscapeRight";
				IPHONEOS_DEPLOYMENT_TARGET = 26.0;
				MARKETING_VERSION = 1.0.0;
				MTL_ENABLE_DEBUG_INFO = INCLUDE_SOURCE;
				MTL_FAST_MATH = YES;
				ONLY_ACTIVE_ARCH = YES;
				PRODUCT_NAME = "$(TARGET_NAME)";
				SDKROOT = iphoneos;
				SWIFT_ACTIVE_COMPILATION_CONDITIONS = DEBUG;
				SWIFT_OPTIMIZATION_LEVEL = "-Onone";
				SWIFT_VERSION = 6.0;
				TARGETED_DEVICE_FAMILY = "1,2";
			};
			name = Debug;
		};
		DC930C25D86163C2E9FE93D5 /* Release */ = {
			isa = XCBuildConfiguration;
			buildSettings = {
				ALWAYS_SEARCH_USER_PATHS = NO;
				CLANG_ANALYZER_NONNULL = YES;
				CLANG_ANALYZER_NUMBER_OBJECT_CONVERSION = YES_AGGRESSIVE;
				CLANG_CXX_LANGUAGE_STANDARD = "gnu++14";
				CLANG_CXX_LIBRARY = "libc++";
				CLANG_ENABLE_MODULES = YES;
				CLANG_ENABLE_OBJC_ARC = YES;
				CLANG_ENABLE_OBJC_WEAK = YES;
				CLANG_WARN_BLOCK_CAPTURE_AUTORELEASING = YES;
				CLANG_WARN_BOOL_CONVERSION = YES;
				CLANG_WARN_COMMA = YES;
				CLANG_WARN_CONSTANT_CONVERSION = YES;
				CLANG_WARN_DEPRECATED_OBJC_IMPLEMENTATIONS = YES;
				CLANG_WARN_DIRECT_OBJC_ISA_USAGE = YES_ERROR;
				CLANG_WARN_DOCUMENTATION_COMMENTS = YES;
				CLANG_WARN_EMPTY_BODY = YES;
				CLANG_WARN_ENUM_CONVERSION = YES;
				CLANG_WARN_INFINITE_RECURSION = YES;
				CLANG_WARN_INT_CONVERSION = YES;
				CLANG_WARN_NON_LITERAL_NULL_CONVERSION = YES;
				CLANG_WARN_OBJC_IMPLICIT_RETAIN_SELF = YES;
				CLANG_WARN_OBJC_LITERAL_CONVERSION = YES;
				CLANG_WARN_OBJC_ROOT_CLASS = YES_ERROR;
				CLANG_WARN_QUOTED_INCLUDE_IN_FRAMEWORK_HEADER = YES;
				CLANG_WARN_RANGE_LOOP_ANALYSIS = YES;
				CLANG_WARN_STRICT_PROTOTYPES = YES;
				CLANG_WARN_SUSPICIOUS_MOVE = YES;
				CLANG_WARN_UNGUARDED_AVAILABILITY = YES_AGGRESSIVE;
				CLANG_WARN_UNREACHABLE_CODE = YES;
				CLANG_WARN__DUPLICATE_METHOD_MATCH = YES;
				COPY_PHASE_STRIP = NO;
				CURRENT_PROJECT_VERSION = 7;
				DEBUG_INFORMATION_FORMAT = "dwarf-with-dsym";
				ENABLE_NS_ASSERTIONS = NO;
				ENABLE_STRICT_OBJC_MSGSEND = YES;
				GCC_C_LANGUAGE_STANDARD = gnu11;
				GCC_NO_COMMON_BLOCKS = YES;
				GCC_WARN_64_TO_32_BIT_CONVERSION = YES;
				GCC_WARN_ABOUT_RETURN_TYPE = YES_ERROR;
				GCC_WARN_UNDECLARED_SELECTOR = YES;
				GCC_WARN_UNINITIALIZED_AUTOS = YES_AGGRESSIVE;
				GCC_WARN_UNUSED_FUNCTION = YES;
				GCC_WARN_UNUSED_VARIABLE = YES;
				GENERATE_INFOPLIST_FILE = YES;
				INFOPLIST_KEY_CFBundleDisplayName = Haul;
				INFOPLIST_KEY_NSCameraUsageDescription = "Haul needs camera access to photograph your suitcase.";
				INFOPLIST_KEY_UIApplicationSceneManifest_Generation = YES;
				INFOPLIST_KEY_UIApplicationSupportsIndirectInputEvents = YES;
				INFOPLIST_KEY_UILaunchScreen_Generation = YES;
				INFOPLIST_KEY_UISupportedInterfaceOrientations_iPad = "UIInterfaceOrientationPortrait UIInterfaceOrientationPortraitUpsideDown UIInterfaceOrientationLandscapeLeft UIInterfaceOrientationLandscapeRight";
				INFOPLIST_KEY_UISupportedInterfaceOrientations_iPhone = "UIInterfaceOrientationPortrait UIInterfaceOrientationLandscapeLeft UIInterfaceOrientationLandscapeRight";
				IPHONEOS_DEPLOYMENT_TARGET = 26.0;
				MARKETING_VERSION = 1.0.0;
				MTL_ENABLE_DEBUG_INFO = NO;
				MTL_FAST_MATH = YES;
				PRODUCT_NAME = "$(TARGET_NAME)";
				SDKROOT = iphoneos;
				SWIFT_COMPILATION_MODE = wholemodule;
				SWIFT_OPTIMIZATION_LEVEL = "-O";
				SWIFT_VERSION = 6.0;
				TARGETED_DEVICE_FAMILY = "1,2";
			};
			name = Release;
		};
/* End XCBuildConfiguration section */

/* Begin XCConfigurationList section */
		83F257408155B0A190D30E31 /* Build configuration list for PBXProject "Haul" */ = {
			isa = XCConfigurationList;
			buildConfigurations = (
				96B8E7A3E8391FE95D5B0451 /* Debug */,
				DC930C25D86163C2E9FE93D5 /* Release */,
			);
			defaultConfigurationIsVisible = 0;
			defaultConfigurationName = Debug;
		};
		DD0E2799F977E1F2219C59AD /* Build configuration list for PBXNativeTarget "HaulWidget" */ = {
			isa = XCConfigurationList;
			buildConfigurations = (
				267245D294480FA6EB7650E1 /* Debug */,
				6D60B96B4E61B8C2141F19F6 /* Release */,
			);
			defaultConfigurationIsVisible = 0;
			defaultConfigurationName = Debug;
		};
		F0C41CC7C74F063BDABD697D /* Build configuration list for PBXNativeTarget "Haul" */ = {
			isa = XCConfigurationList;
			buildConfigurations = (
				509F8112B8235D09FDA6E87E /* Debug */,
				1529B1D82534A60E02FA1ED3 /* Release */,
			);
			defaultConfigurationIsVisible = 0;
			defaultConfigurationName = Debug;
		};
/* End XCConfigurationList section */

/* Begin XCRemoteSwiftPackageReference section */
		DE6C90199F3A54884832A450 /* XCRemoteSwiftPackageReference "SQLite.swift" */ = {
			isa = XCRemoteSwiftPackageReference;
			repositoryURL = "https://github.com/stephencelis/SQLite.swift";
			requirement = {
				kind = exactVersion;
				version = 0.15.3;
			};
		};
/* End XCRemoteSwiftPackageReference section */

/* Begin XCSwiftPackageProductDependency section */
		97290B257DFA756D54B924D7 /* SQLite */ = {
			isa = XCSwiftPackageProductDependency;
			package = DE6C90199F3A54884832A450 /* XCRemoteSwiftPackageReference "SQLite.swift" */;
			productName = SQLite;
		};
/* End XCSwiftPackageProductDependency section */
	};
	rootObject = 59D8FA70EF04104D98C36058 /* Project object */;
}
